{
  "nodes": {
    "bcrypt-master": {
      "inputs": {
        "flakeNimbleLib": [
          "flakeNimbleLib"
        ],
        "nixpkgs": [
          "nixpkgs"
        ],
        "src-bcrypt-master": "src-bcrypt-master"
      },
      "locked": {
        "dir": "master",
        "lastModified": 1667322162,
        "narHash": "sha256-D2h2DpapYUJLj/D2+jOOsoRa1rUWs4XexjiWyN6wxaw=",
        "owner": "nim-nix-pkgs",
        "repo": "bcrypt",
        "rev": "0d62eff68953e97c7f6b75f53a1a7bbea864d9ed",
        "type": "github"
      },
      "original": {
        "dir": "master",
        "owner": "nim-nix-pkgs",
        "ref": "master",
        "repo": "bcrypt",
        "type": "github"
      }
    },
    "flakeNimbleLib": {
      "inputs": {
        "nixpkgs": [
          "nixpkgs"
        ]
      },
      "locked": {
        "lastModified": 1662018438,
        "narHash": "sha256-QtNtU6+LX3Wokxf0zlFwKTFOcn6TeDjKQZ+DA9OYtvM=",
        "owner": "riinr",
        "repo": "nim-flakes-lib",
        "rev": "b1fe8340736e3a85d25c709ac3dfd82a55c03cbf",
        "type": "github"
      },
      "original": {
        "owner": "riinr",
        "ref": "master",
        "repo": "nim-flakes-lib",
        "type": "github"
      }
    },
    "nixpkgs": {
      "locked": {
        "lastModified": 1667199707,
        "narHash": "sha256-I2Js3Y7gUyVSEXPULHlBoRek4Lh85vnevdS6mdvDNLI=",
        "owner": "NixOS",
        "repo": "nixpkgs",
        "rev": "ced197be72099edcfa68ebed8b87af7b04851f45",
        "type": "github"
      },
      "original": {
        "id": "nixpkgs",
        "type": "indirect"
      }
    },
    "root": {
      "inputs": {
        "bcrypt-master": "bcrypt-master",
        "flakeNimbleLib": "flakeNimbleLib",
        "nixpkgs": "nixpkgs"
      }
    },
    "src-bcrypt-master": {
      "flake": false,
      "locked": {
        "lastModified": 1539482757,
        "narHash": "sha256-W6dyGbWGTzadZqs3JNPs+V36xt5updsrDHBRjMOYZQo=",
        "owner": "ithkuil",
        "repo": "bcryptnim",
        "rev": "440c5676ff63ae1ba1bd7dae4c0682ba4b9c54b2",
        "type": "github"
      },
      "original": {
        "owner": "ithkuil",
        "ref": "refs/heads/master",
        "repo": "bcryptnim",
        "type": "github"
      }
    }
  },
  "root": "root",
  "version": 7
}
